{
  "version": 4,
  "terraform_version": "1.1.0",
  "serial": 1,
  "lineage": "1e9d2c9f-d4da-37c1-bc5e-77c8ef141c87",
  "outputs": {},
  "resources": [
    {
      "mode": "managed",
      "type": "google_storage_bucket",
      "name": "xGCS1",
      "provider": "provider[\"registry.terraform.io/hashicorp/google\"]",
      "instances": [
        {
          "schema_version": 0,
          "attributes": {
            "bucket_policy_only": false,
            "cors": [],
            "default_event_based_hold": false,
            "encryption": [],
            "force_destroy": false,
            "id": "xtf-state-files",
            "labels": null,
            "lifecycle_rule": [],
            "location": "US",
            "logging": [],
            "name": "xtf-state-files",
            "project": "xterraform-gcp",
            "requester_pays": false,
            "retention_policy": [],
            "self_link": "https://www.googleapis.com/storage/v1/b/xtf-state-files",
            "storage_class": "STANDARD",
            "uniform_bucket_level_access": false,
            "url": "gs://xtf-state-files",
            "versioning": [],
            "website": []
          },
          "sensitive_attributes": [],
          "private": "bnVsbA=="
        }
      ]
    }
  ]
}
